
Microsoft Visual Studio Solution File, Format Version 12.00
# Visual Studio Version 17
VisualStudioVersion = 17.7.34031.279
MinimumVisualStudioVersion = 10.0.40219.1
Project("{FAE04EC0-301F-11D3-BF4B-00C04F79EFBC}") = "DZ_c_dies_777", "DZ_c_dies_777\DZ_c_dies_777.csproj", "{F514C25A-F09E-4B79-BD3F-4FD6A5B11E08}"
EndProject
Global
	GlobalSection(SolutionConfigurationPlatforms) = preSolution
		Debug|Any CPU = Debug|Any CPU
		Release|Any CPU = Release|Any CPU
	EndGlobalSection
	GlobalSection(ProjectConfigurationPlatforms) = postSolution
		{F514C25A-F09E-4B79-BD3F-4FD6A5B11E08}.Debug|Any CPU.ActiveCfg = Debug|Any CPU
		{F514C25A-F09E-4B79-BD3F-4FD6A5B11E08}.Debug|Any CPU.Build.0 = Debug|Any CPU
		{F514C25A-F09E-4B79-BD3F-4FD6A5B11E08}.Release|Any CPU.ActiveCfg = Release|Any CPU
		{F514C25A-F09E-4B79-BD3F-4FD6A5B11E08}.Release|Any CPU.Build.0 = Release|Any CPU
	EndGlobalSection
	GlobalSection(SolutionProperties) = preSolution
		HideSolutionNode = FALSE
	EndGlobalSection
	GlobalSection(ExtensibilityGlobals) = postSolution
		SolutionGuid = {7FCE832A-A76F-421C-9014-A383A711FB36}
	EndGlobalSection
EndGlobal
